// !$*UTF8*$!
{
	archiveVersion = 1;
	classes = {
	};
	objectVersion = 55;
	objects = {

/* Begin PBXBuildFile section */
		2B00C25E28EEC637002FDA9F /* RealmManager.swift in Sources */ = {isa = PBXBuildFile; fileRef = 2B00C25D28EEC637002FDA9F /* RealmManager.swift */; };
		2B00C26028EED907002FDA9F /* SWError.swift in Sources */ = {isa = PBXBuildFile; fileRef = 2B00C25F28EED907002FDA9F /* SWError.swift */; };
		2B00C26228EED97D002FDA9F /* ErrorEnums.swift in Sources */ = {isa = PBXBuildFile; fileRef = 2B00C26128EED97D002FDA9F /* ErrorEnums.swift */; };
		2B00C26428EEE31C002FDA9F /* DateExtension.swift in Sources */ = {isa = PBXBuildFile; fileRef = 2B00C26328EEE31C002FDA9F /* DateExtension.swift */; };
		2B00C26628EEE3C3002FDA9F /* Quote.swift in Sources */ = {isa = PBXBuildFile; fileRef = 2B00C26528EEE3C3002FDA9F /* Quote.swift */; };
		2B00C26828EEE3C9002FDA9F /* QuoteTag.swift in Sources */ = {isa = PBXBuildFile; fileRef = 2B00C26728EEE3C9002FDA9F /* QuoteTag.swift */; };
		2B00C26A28EEE80A002FDA9F /* HKQueriable.swift in Sources */ = {isa = PBXBuildFile; fileRef = 2B00C26928EEE80A002FDA9F /* HKQueriable.swift */; };
		2B03964C28FAE07F000D7B26 /* TraditionalFormView.swift in Sources */ = {isa = PBXBuildFile; fileRef = 2B03964B28FAE07F000D7B26 /* TraditionalFormView.swift */; };
		2B03964E28FAE0E9000D7B26 /* HIITFormView.swift in Sources */ = {isa = PBXBuildFile; fileRef = 2B03964D28FAE0E9000D7B26 /* HIITFormView.swift */; };
		2B03968328FAEBC6000D7B26 /* Launch Screen.storyboard in Resources */ = {isa = PBXBuildFile; fileRef = 2B03968528FAEBC6000D7B26 /* Launch Screen.storyboard */; };
		2B03968E28FAEDB1000D7B26 /* Localizable.strings in Resources */ = {isa = PBXBuildFile; fileRef = 2B03969028FAEDB1000D7B26 /* Localizable.strings */; };
		2B03969428FB4A93000D7B26 /* FloatingTextField.swift in Sources */ = {isa = PBXBuildFile; fileRef = 2B03969328FB4A93000D7B26 /* FloatingTextField.swift */; };
		2B03969628FB4BB1000D7B26 /* BaseWorkoutFormView.swift in Sources */ = {isa = PBXBuildFile; fileRef = 2B03969528FB4BB1000D7B26 /* BaseWorkoutFormView.swift */; };
		2B03969828FB514E000D7B26 /* UserProfileFormView.swift in Sources */ = {isa = PBXBuildFile; fileRef = 2B03969728FB514E000D7B26 /* UserProfileFormView.swift */; };
		2B0E224628D32152009F0E8B /* ProfileConfigurationViewModel.swift in Sources */ = {isa = PBXBuildFile; fileRef = 2B0E224528D32152009F0E8B /* ProfileConfigurationViewModel.swift */; };
		2B28C59C28E7F6F6008CBB83 /* FeelingModel.swift in Sources */ = {isa = PBXBuildFile; fileRef = 2B28C59B28E7F6F6008CBB83 /* FeelingModel.swift */; };
		2B2EB19928FC9EE400F4FEDB /* BackgroundView.swift in Sources */ = {isa = PBXBuildFile; fileRef = 2B2EB19828FC9EE400F4FEDB /* BackgroundView.swift */; };
		2B2EB19E28FC9FD500F4FEDB /* CustomBlurView.swift in Sources */ = {isa = PBXBuildFile; fileRef = 2B2EB19D28FC9FD500F4FEDB /* CustomBlurView.swift */; };
		2B2EB1A028FCA02200F4FEDB /* GlassMorphicCard.swift in Sources */ = {isa = PBXBuildFile; fileRef = 2B2EB19F28FCA02200F4FEDB /* GlassMorphicCard.swift */; };
		2B2EB1A228FCA76D00F4FEDB /* WorkoutView.swift in Sources */ = {isa = PBXBuildFile; fileRef = 2B2EB1A128FCA76D00F4FEDB /* WorkoutView.swift */; };
		2B2EB1A428FCA91F00F4FEDB /* DashboardCardView.swift in Sources */ = {isa = PBXBuildFile; fileRef = 2B2EB1A328FCA91F00F4FEDB /* DashboardCardView.swift */; };
		2B2EB1A628FCB5B500F4FEDB /* WorkoutExerciseFormView.swift in Sources */ = {isa = PBXBuildFile; fileRef = 2B2EB1A528FCB5B500F4FEDB /* WorkoutExerciseFormView.swift */; };
		2B37B66E28FC0F57005302D7 /* WorkoutCardView.swift in Sources */ = {isa = PBXBuildFile; fileRef = 2B37B66D28FC0F57005302D7 /* WorkoutCardView.swift */; };
		2B39EACE28F96C6E00752742 /* WorkoutsView.swift in Sources */ = {isa = PBXBuildFile; fileRef = 2B39EACD28F96C6E00752742 /* WorkoutsView.swift */; };
		2B39EAD028F96EE000752742 /* WorkoutsViewModel.swift in Sources */ = {isa = PBXBuildFile; fileRef = 2B39EACF28F96EE000752742 /* WorkoutsViewModel.swift */; };
		2B39EAD228F96FF700752742 /* FetchRequest.swift in Sources */ = {isa = PBXBuildFile; fileRef = 2B39EAD128F96FF700752742 /* FetchRequest.swift */; };
		2B64BA2128D5B8D500E95514 /* GoogleService-Info.plist in Resources */ = {isa = PBXBuildFile; fileRef = 2B64BA2028D5B8D500E95514 /* GoogleService-Info.plist */; };
		2B64BA2628D5BD4700E95514 /* FirebaseAnalytics in Frameworks */ = {isa = PBXBuildFile; productRef = 2B64BA2528D5BD4700E95514 /* FirebaseAnalytics */; };
		2B64BA2828D5BD4700E95514 /* FirebaseCrashlytics in Frameworks */ = {isa = PBXBuildFile; productRef = 2B64BA2728D5BD4700E95514 /* FirebaseCrashlytics */; };
		2B64BA2A28D5BD4700E95514 /* FirebasePerformance in Frameworks */ = {isa = PBXBuildFile; productRef = 2B64BA2928D5BD4700E95514 /* FirebasePerformance */; };
		2B6608C228CB5A4E00361C0F /* MainView.swift in Sources */ = {isa = PBXBuildFile; fileRef = 2B6608C128CB5A4E00361C0F /* MainView.swift */; };
		2B6608C528CB63D400361C0F /* DashboardView.swift in Sources */ = {isa = PBXBuildFile; fileRef = 2B6608C428CB63D400361C0F /* DashboardView.swift */; };
		2B6608C728CC9F6300361C0F /* Colors.swift in Sources */ = {isa = PBXBuildFile; fileRef = 2B6608C628CC9F6300361C0F /* Colors.swift */; };
		2B6608CC28CCC84600361C0F /* ViewExtensions.swift in Sources */ = {isa = PBXBuildFile; fileRef = 2B6608CB28CCC84600361C0F /* ViewExtensions.swift */; };
		2B6608D428CDFA7700361C0F /* ConfigurationWalkthrough.swift in Sources */ = {isa = PBXBuildFile; fileRef = 2B6608D328CDFA7700361C0F /* ConfigurationWalkthrough.swift */; };
		2B6608D828D02D0600361C0F /* SWHealthStoreManager.swift in Sources */ = {isa = PBXBuildFile; fileRef = 2B6608D728D02D0600361C0F /* SWHealthStoreManager.swift */; };
		2B6608DC28D02D4F00361C0F /* HealthKit.framework in Frameworks */ = {isa = PBXBuildFile; fileRef = 2B6608DB28D02D4F00361C0F /* HealthKit.framework */; };
		2B7FDFEC28E7F640009FFAF5 /* Realm in Frameworks */ = {isa = PBXBuildFile; productRef = 2B7FDFEB28E7F640009FFAF5 /* Realm */; };
		2B7FDFEE28E7F640009FFAF5 /* RealmSwift in Frameworks */ = {isa = PBXBuildFile; productRef = 2B7FDFED28E7F640009FFAF5 /* RealmSwift */; };
		2B83FA7628DC799400C3B1C0 /* CreateFormView.swift in Sources */ = {isa = PBXBuildFile; fileRef = 2B83FA7528DC799400C3B1C0 /* CreateFormView.swift */; };
		2B83FA7C28DC867200C3B1C0 /* EmptySelectingView.swift in Sources */ = {isa = PBXBuildFile; fileRef = 2B83FA7B28DC867200C3B1C0 /* EmptySelectingView.swift */; };
		2B83FA7E28DC876B00C3B1C0 /* LaunchNewWorkoutView.swift in Sources */ = {isa = PBXBuildFile; fileRef = 2B83FA7D28DC876B00C3B1C0 /* LaunchNewWorkoutView.swift */; };
		2B83FA8028DD38B800C3B1C0 /* FeelingViewModel.swift in Sources */ = {isa = PBXBuildFile; fileRef = 2B83FA7F28DD38B800C3B1C0 /* FeelingViewModel.swift */; };
		2B8EE32028F9F52D00206F9C /* Feeling.swift in Sources */ = {isa = PBXBuildFile; fileRef = 2B8EE31F28F9F52D00206F9C /* Feeling.swift */; };
		2B94AD7228F75C7A00F3C71B /* WorkoutViewModel.swift in Sources */ = {isa = PBXBuildFile; fileRef = 2B94AD7128F75C7A00F3C71B /* WorkoutViewModel.swift */; };
		2B94AD7528F7605A00F3C71B /* SWWorkoutType.swift in Sources */ = {isa = PBXBuildFile; fileRef = 2B94AD7428F7605A00F3C71B /* SWWorkoutType.swift */; };
		2B94AD7728F7607500F3C71B /* SWMetadataType.swift in Sources */ = {isa = PBXBuildFile; fileRef = 2B94AD7628F7607500F3C71B /* SWMetadataType.swift */; };
		2B94AD7928F7608B00F3C71B /* SWMetadata.swift in Sources */ = {isa = PBXBuildFile; fileRef = 2B94AD7828F7608B00F3C71B /* SWMetadata.swift */; };
		2B94AD7B28F7609100F3C71B /* SWWorkout.swift in Sources */ = {isa = PBXBuildFile; fileRef = 2B94AD7A28F7609100F3C71B /* SWWorkout.swift */; };
		2B94AD7D28F7677E00F3C71B /* SWWorkoutModel.swift in Sources */ = {isa = PBXBuildFile; fileRef = 2B94AD7C28F7677E00F3C71B /* SWWorkoutModel.swift */; };
		2B94AD7F28F7686100F3C71B /* SWWorkoutMetadataModel.swift in Sources */ = {isa = PBXBuildFile; fileRef = 2B94AD7E28F7686100F3C71B /* SWWorkoutMetadataModel.swift */; };
		2B9FEB7728D4A42F00577A67 /* DashboardViewModel.swift in Sources */ = {isa = PBXBuildFile; fileRef = 2B9FEB7628D4A42F00577A67 /* DashboardViewModel.swift */; };
		2BB3273C29034D43008A4B81 /* SWExercise.swift in Sources */ = {isa = PBXBuildFile; fileRef = 2BB3273B29034D43008A4B81 /* SWExercise.swift */; };
		2BB3273E29034E13008A4B81 /* SWExerciseModel.swift in Sources */ = {isa = PBXBuildFile; fileRef = 2BB3273D29034E13008A4B81 /* SWExerciseModel.swift */; };
		2BB327422903642F008A4B81 /* ArrayExtensions.swift in Sources */ = {isa = PBXBuildFile; fileRef = 2BB327412903642F008A4B81 /* ArrayExtensions.swift */; };
		2BB3274429036768008A4B81 /* CollectionExtensions.swift in Sources */ = {isa = PBXBuildFile; fileRef = 2BB3274329036768008A4B81 /* CollectionExtensions.swift */; };
		2BB3274629036E4C008A4B81 /* SunsetWorkoutExerciseTests.swift in Sources */ = {isa = PBXBuildFile; fileRef = 2BB3274529036E4C008A4B81 /* SunsetWorkoutExerciseTests.swift */; };
		2BC1126828FDF1A400898C80 /* CreateWorkoutExerciseView.swift in Sources */ = {isa = PBXBuildFile; fileRef = 2BC1126728FDF1A400898C80 /* CreateWorkoutExerciseView.swift */; };
		2BC1126A28FDF80500898C80 /* WorkoutExerciseSearchView.swift in Sources */ = {isa = PBXBuildFile; fileRef = 2BC1126928FDF80500898C80 /* WorkoutExerciseSearchView.swift */; };
		2BD1D7FB28B626FE006A3848 /* SunsetWorkoutApp.swift in Sources */ = {isa = PBXBuildFile; fileRef = 2BD1D7FA28B626FE006A3848 /* SunsetWorkoutApp.swift */; };
		2BD1D7FD28B626FE006A3848 /* AuthorizationView.swift in Sources */ = {isa = PBXBuildFile; fileRef = 2BD1D7FC28B626FE006A3848 /* AuthorizationView.swift */; };
		2BD1D7FF28B626FF006A3848 /* Assets.xcassets in Resources */ = {isa = PBXBuildFile; fileRef = 2BD1D7FE28B626FF006A3848 /* Assets.xcassets */; };
		2BD1D80228B626FF006A3848 /* Preview Assets.xcassets in Resources */ = {isa = PBXBuildFile; fileRef = 2BD1D80128B626FF006A3848 /* Preview Assets.xcassets */; };
		2BD1D80C28B626FF006A3848 /* SunsetWorkoutTests.swift in Sources */ = {isa = PBXBuildFile; fileRef = 2BD1D80B28B626FF006A3848 /* SunsetWorkoutTests.swift */; };
		2BF5759628FF4EF000F21605 /* ExerciseSearch.swift in Sources */ = {isa = PBXBuildFile; fileRef = 2BF5759528FF4EF000F21605 /* ExerciseSearch.swift */; };
		2BF5759828FF529A00F21605 /* ExerciseSearchLoader.swift in Sources */ = {isa = PBXBuildFile; fileRef = 2BF5759728FF529A00F21605 /* ExerciseSearchLoader.swift */; };
		2BF5759A28FF53A200F21605 /* WGERNetworkResponse.swift in Sources */ = {isa = PBXBuildFile; fileRef = 2BF5759928FF53A200F21605 /* WGERNetworkResponse.swift */; };
		2BF5759C28FF540500F21605 /* URLSessionExtensions.swift in Sources */ = {isa = PBXBuildFile; fileRef = 2BF5759B28FF540500F21605 /* URLSessionExtensions.swift */; };
		2BF575A028FF54C300F21605 /* Endpoint.swift in Sources */ = {isa = PBXBuildFile; fileRef = 2BF5759F28FF54C300F21605 /* Endpoint.swift */; };
		2BF575A228FF54F900F21605 /* EndpointKind.swift in Sources */ = {isa = PBXBuildFile; fileRef = 2BF575A128FF54F900F21605 /* EndpointKind.swift */; };
		2BF575A428FF552000F21605 /* EndpointKinds.swift in Sources */ = {isa = PBXBuildFile; fileRef = 2BF575A328FF552000F21605 /* EndpointKinds.swift */; };
		2BF575A628FF571E00F21605 /* UserSession.swift in Sources */ = {isa = PBXBuildFile; fileRef = 2BF575A528FF571E00F21605 /* UserSession.swift */; };
		2BF575A828FF585100F21605 /* APIHost.swift in Sources */ = {isa = PBXBuildFile; fileRef = 2BF575A728FF585100F21605 /* APIHost.swift */; };
		2BF575AA28FF596800F21605 /* AccessToken.swift in Sources */ = {isa = PBXBuildFile; fileRef = 2BF575A928FF596800F21605 /* AccessToken.swift */; };
		2BF575AC28FF59D000F21605 /* InvalidEndpointError.swift in Sources */ = {isa = PBXBuildFile; fileRef = 2BF575AB28FF59D000F21605 /* InvalidEndpointError.swift */; };
		2BF575AE28FF5EA000F21605 /* ExerciseSearchViewModel.swift in Sources */ = {isa = PBXBuildFile; fileRef = 2BF575AD28FF5EA000F21605 /* ExerciseSearchViewModel.swift */; };
		2BFF29A528C4F1430041841F /* ProfileConfigurationView.swift in Sources */ = {isa = PBXBuildFile; fileRef = 2BFF29A428C4F1430041841F /* ProfileConfigurationView.swift */; };
		2BFF29A728C4F5420041841F /* FeelingConfigurationView.swift in Sources */ = {isa = PBXBuildFile; fileRef = 2BFF29A628C4F5420041841F /* FeelingConfigurationView.swift */; };
		2BFF29AA28C4F55E0041841F /* FeelingType.swift in Sources */ = {isa = PBXBuildFile; fileRef = 2BFF29A928C4F55E0041841F /* FeelingType.swift */; };
		2BFF29AD28C55C3B0041841F /* TabBarItem.swift in Sources */ = {isa = PBXBuildFile; fileRef = 2BFF29AC28C55C3B0041841F /* TabBarItem.swift */; };
		2BFF29AF28C59AD90041841F /* TabBarItemsPreferenceKey.swift in Sources */ = {isa = PBXBuildFile; fileRef = 2BFF29AE28C59AD90041841F /* TabBarItemsPreferenceKey.swift */; };
		2BFF29B128C59BD40041841F /* TabBarContainerView.swift in Sources */ = {isa = PBXBuildFile; fileRef = 2BFF29B028C59BD40041841F /* TabBarContainerView.swift */; };
		2BFF29B328C5FFF00041841F /* TabBarView.swift in Sources */ = {isa = PBXBuildFile; fileRef = 2BFF29B228C5FFF00041841F /* TabBarView.swift */; };
/* End PBXBuildFile section */

/* Begin PBXContainerItemProxy section */
		2BD1D80828B626FF006A3848 /* PBXContainerItemProxy */ = {
			isa = PBXContainerItemProxy;
			containerPortal = 2BD1D7EF28B626FE006A3848 /* Project object */;
			proxyType = 1;
			remoteGlobalIDString = 2BD1D7F628B626FE006A3848;
			remoteInfo = SunsetWorkout;
		};
/* End PBXContainerItemProxy section */

/* Begin PBXFileReference section */
		2B00C25D28EEC637002FDA9F /* RealmManager.swift */ = {isa = PBXFileReference; lastKnownFileType = sourcecode.swift; path = RealmManager.swift; sourceTree = "<group>"; };
		2B00C25F28EED907002FDA9F /* SWError.swift */ = {isa = PBXFileReference; lastKnownFileType = sourcecode.swift; path = SWError.swift; sourceTree = "<group>"; };
		2B00C26128EED97D002FDA9F /* ErrorEnums.swift */ = {isa = PBXFileReference; lastKnownFileType = sourcecode.swift; path = ErrorEnums.swift; sourceTree = "<group>"; };
		2B00C26328EEE31C002FDA9F /* DateExtension.swift */ = {isa = PBXFileReference; lastKnownFileType = sourcecode.swift; path = DateExtension.swift; sourceTree = "<group>"; };
		2B00C26528EEE3C3002FDA9F /* Quote.swift */ = {isa = PBXFileReference; lastKnownFileType = sourcecode.swift; path = Quote.swift; sourceTree = "<group>"; };
		2B00C26728EEE3C9002FDA9F /* QuoteTag.swift */ = {isa = PBXFileReference; lastKnownFileType = sourcecode.swift; path = QuoteTag.swift; sourceTree = "<group>"; };
		2B00C26928EEE80A002FDA9F /* HKQueriable.swift */ = {isa = PBXFileReference; lastKnownFileType = sourcecode.swift; path = HKQueriable.swift; sourceTree = "<group>"; };
		2B03964B28FAE07F000D7B26 /* TraditionalFormView.swift */ = {isa = PBXFileReference; lastKnownFileType = sourcecode.swift; path = TraditionalFormView.swift; sourceTree = "<group>"; };
		2B03964D28FAE0E9000D7B26 /* HIITFormView.swift */ = {isa = PBXFileReference; lastKnownFileType = sourcecode.swift; path = HIITFormView.swift; sourceTree = "<group>"; };
		2B03968428FAEBC6000D7B26 /* Base */ = {isa = PBXFileReference; lastKnownFileType = file.storyboard; name = Base; path = "Base.lproj/Launch Screen.storyboard"; sourceTree = "<group>"; };
		2B03968628FAEBDE000D7B26 /* fr */ = {isa = PBXFileReference; lastKnownFileType = text.plist.strings; name = fr; path = "fr.lproj/Launch Screen.strings"; sourceTree = "<group>"; };
		2B03968F28FAEDB1000D7B26 /* en */ = {isa = PBXFileReference; lastKnownFileType = text.plist.strings; name = en; path = en.lproj/Localizable.strings; sourceTree = "<group>"; };
		2B03969328FB4A93000D7B26 /* FloatingTextField.swift */ = {isa = PBXFileReference; lastKnownFileType = sourcecode.swift; path = FloatingTextField.swift; sourceTree = "<group>"; };
		2B03969528FB4BB1000D7B26 /* BaseWorkoutFormView.swift */ = {isa = PBXFileReference; lastKnownFileType = sourcecode.swift; path = BaseWorkoutFormView.swift; sourceTree = "<group>"; };
		2B03969728FB514E000D7B26 /* UserProfileFormView.swift */ = {isa = PBXFileReference; lastKnownFileType = sourcecode.swift; path = UserProfileFormView.swift; sourceTree = "<group>"; };
		2B0E224528D32152009F0E8B /* ProfileConfigurationViewModel.swift */ = {isa = PBXFileReference; lastKnownFileType = sourcecode.swift; path = ProfileConfigurationViewModel.swift; sourceTree = "<group>"; };
		2B28C59B28E7F6F6008CBB83 /* FeelingModel.swift */ = {isa = PBXFileReference; lastKnownFileType = sourcecode.swift; path = FeelingModel.swift; sourceTree = "<group>"; };
		2B2EB19828FC9EE400F4FEDB /* BackgroundView.swift */ = {isa = PBXFileReference; lastKnownFileType = sourcecode.swift; path = BackgroundView.swift; sourceTree = "<group>"; };
		2B2EB19D28FC9FD500F4FEDB /* CustomBlurView.swift */ = {isa = PBXFileReference; lastKnownFileType = sourcecode.swift; path = CustomBlurView.swift; sourceTree = "<group>"; };
		2B2EB19F28FCA02200F4FEDB /* GlassMorphicCard.swift */ = {isa = PBXFileReference; lastKnownFileType = sourcecode.swift; path = GlassMorphicCard.swift; sourceTree = "<group>"; };
		2B2EB1A128FCA76D00F4FEDB /* WorkoutView.swift */ = {isa = PBXFileReference; lastKnownFileType = sourcecode.swift; path = WorkoutView.swift; sourceTree = "<group>"; };
		2B2EB1A328FCA91F00F4FEDB /* DashboardCardView.swift */ = {isa = PBXFileReference; lastKnownFileType = sourcecode.swift; path = DashboardCardView.swift; sourceTree = "<group>"; };
		2B2EB1A528FCB5B500F4FEDB /* WorkoutExerciseFormView.swift */ = {isa = PBXFileReference; lastKnownFileType = sourcecode.swift; path = WorkoutExerciseFormView.swift; sourceTree = "<group>"; };
		2B2EB1A728FCB7C400F4FEDB /* README.md */ = {isa = PBXFileReference; lastKnownFileType = net.daringfireball.markdown; path = README.md; sourceTree = "<group>"; };
		2B37B66D28FC0F57005302D7 /* WorkoutCardView.swift */ = {isa = PBXFileReference; lastKnownFileType = sourcecode.swift; path = WorkoutCardView.swift; sourceTree = "<group>"; };
		2B39EACD28F96C6E00752742 /* WorkoutsView.swift */ = {isa = PBXFileReference; lastKnownFileType = sourcecode.swift; path = WorkoutsView.swift; sourceTree = "<group>"; };
		2B39EACF28F96EE000752742 /* WorkoutsViewModel.swift */ = {isa = PBXFileReference; lastKnownFileType = sourcecode.swift; path = WorkoutsViewModel.swift; sourceTree = "<group>"; };
		2B39EAD128F96FF700752742 /* FetchRequest.swift */ = {isa = PBXFileReference; lastKnownFileType = sourcecode.swift; path = FetchRequest.swift; sourceTree = "<group>"; };
		2B64BA2028D5B8D500E95514 /* GoogleService-Info.plist */ = {isa = PBXFileReference; fileEncoding = 4; lastKnownFileType = text.plist.xml; path = "GoogleService-Info.plist"; sourceTree = "<group>"; };
		2B6608C128CB5A4E00361C0F /* MainView.swift */ = {isa = PBXFileReference; lastKnownFileType = sourcecode.swift; path = MainView.swift; sourceTree = "<group>"; };
		2B6608C428CB63D400361C0F /* DashboardView.swift */ = {isa = PBXFileReference; lastKnownFileType = sourcecode.swift; path = DashboardView.swift; sourceTree = "<group>"; };
		2B6608C628CC9F6300361C0F /* Colors.swift */ = {isa = PBXFileReference; lastKnownFileType = sourcecode.swift; path = Colors.swift; sourceTree = "<group>"; };
		2B6608CB28CCC84600361C0F /* ViewExtensions.swift */ = {isa = PBXFileReference; lastKnownFileType = sourcecode.swift; path = ViewExtensions.swift; sourceTree = "<group>"; };
		2B6608D328CDFA7700361C0F /* ConfigurationWalkthrough.swift */ = {isa = PBXFileReference; lastKnownFileType = sourcecode.swift; path = ConfigurationWalkthrough.swift; sourceTree = "<group>"; };
		2B6608D728D02D0600361C0F /* SWHealthStoreManager.swift */ = {isa = PBXFileReference; lastKnownFileType = sourcecode.swift; path = SWHealthStoreManager.swift; sourceTree = "<group>"; };
		2B6608D928D02D4F00361C0F /* SunsetWorkout.entitlements */ = {isa = PBXFileReference; lastKnownFileType = text.plist.entitlements; path = SunsetWorkout.entitlements; sourceTree = "<group>"; };
		2B6608DB28D02D4F00361C0F /* HealthKit.framework */ = {isa = PBXFileReference; lastKnownFileType = wrapper.framework; name = HealthKit.framework; path = System/Library/Frameworks/HealthKit.framework; sourceTree = SDKROOT; };
		2B83FA7428D8A19A00C3B1C0 /* Info.plist */ = {isa = PBXFileReference; lastKnownFileType = text.plist; path = Info.plist; sourceTree = "<group>"; };
		2B83FA7528DC799400C3B1C0 /* CreateFormView.swift */ = {isa = PBXFileReference; lastKnownFileType = sourcecode.swift; path = CreateFormView.swift; sourceTree = "<group>"; };
		2B83FA7B28DC867200C3B1C0 /* EmptySelectingView.swift */ = {isa = PBXFileReference; lastKnownFileType = sourcecode.swift; path = EmptySelectingView.swift; sourceTree = "<group>"; };
		2B83FA7D28DC876B00C3B1C0 /* LaunchNewWorkoutView.swift */ = {isa = PBXFileReference; lastKnownFileType = sourcecode.swift; path = LaunchNewWorkoutView.swift; sourceTree = "<group>"; };
		2B83FA7F28DD38B800C3B1C0 /* FeelingViewModel.swift */ = {isa = PBXFileReference; lastKnownFileType = sourcecode.swift; path = FeelingViewModel.swift; sourceTree = "<group>"; };
		2B8EE31F28F9F52D00206F9C /* Feeling.swift */ = {isa = PBXFileReference; lastKnownFileType = sourcecode.swift; path = Feeling.swift; sourceTree = "<group>"; };
		2B94AD7128F75C7A00F3C71B /* WorkoutViewModel.swift */ = {isa = PBXFileReference; lastKnownFileType = sourcecode.swift; path = WorkoutViewModel.swift; sourceTree = "<group>"; };
		2B94AD7428F7605A00F3C71B /* SWWorkoutType.swift */ = {isa = PBXFileReference; lastKnownFileType = sourcecode.swift; path = SWWorkoutType.swift; sourceTree = "<group>"; };
		2B94AD7628F7607500F3C71B /* SWMetadataType.swift */ = {isa = PBXFileReference; lastKnownFileType = sourcecode.swift; path = SWMetadataType.swift; sourceTree = "<group>"; };
		2B94AD7828F7608B00F3C71B /* SWMetadata.swift */ = {isa = PBXFileReference; lastKnownFileType = sourcecode.swift; path = SWMetadata.swift; sourceTree = "<group>"; };
		2B94AD7A28F7609100F3C71B /* SWWorkout.swift */ = {isa = PBXFileReference; lastKnownFileType = sourcecode.swift; path = SWWorkout.swift; sourceTree = "<group>"; };
		2B94AD7C28F7677E00F3C71B /* SWWorkoutModel.swift */ = {isa = PBXFileReference; lastKnownFileType = sourcecode.swift; path = SWWorkoutModel.swift; sourceTree = "<group>"; };
		2B94AD7E28F7686100F3C71B /* SWWorkoutMetadataModel.swift */ = {isa = PBXFileReference; lastKnownFileType = sourcecode.swift; path = SWWorkoutMetadataModel.swift; sourceTree = "<group>"; };
		2B9FEB7628D4A42F00577A67 /* DashboardViewModel.swift */ = {isa = PBXFileReference; lastKnownFileType = sourcecode.swift; path = DashboardViewModel.swift; sourceTree = "<group>"; };
		2BB3273B29034D43008A4B81 /* SWExercise.swift */ = {isa = PBXFileReference; lastKnownFileType = sourcecode.swift; path = SWExercise.swift; sourceTree = "<group>"; };
		2BB3273D29034E13008A4B81 /* SWExerciseModel.swift */ = {isa = PBXFileReference; lastKnownFileType = sourcecode.swift; path = SWExerciseModel.swift; sourceTree = "<group>"; };
		2BB327412903642F008A4B81 /* ArrayExtensions.swift */ = {isa = PBXFileReference; lastKnownFileType = sourcecode.swift; path = ArrayExtensions.swift; sourceTree = "<group>"; };
		2BB3274329036768008A4B81 /* CollectionExtensions.swift */ = {isa = PBXFileReference; lastKnownFileType = sourcecode.swift; path = CollectionExtensions.swift; sourceTree = "<group>"; };
		2BB3274529036E4C008A4B81 /* SunsetWorkoutExerciseTests.swift */ = {isa = PBXFileReference; lastKnownFileType = sourcecode.swift; path = SunsetWorkoutExerciseTests.swift; sourceTree = "<group>"; };
		2BC1126728FDF1A400898C80 /* CreateWorkoutExerciseView.swift */ = {isa = PBXFileReference; lastKnownFileType = sourcecode.swift; path = CreateWorkoutExerciseView.swift; sourceTree = "<group>"; };
		2BC1126928FDF80500898C80 /* WorkoutExerciseSearchView.swift */ = {isa = PBXFileReference; lastKnownFileType = sourcecode.swift; path = WorkoutExerciseSearchView.swift; sourceTree = "<group>"; };
		2BD1D7F728B626FE006A3848 /* SunsetWorkout.app */ = {isa = PBXFileReference; explicitFileType = wrapper.application; includeInIndex = 0; path = SunsetWorkout.app; sourceTree = BUILT_PRODUCTS_DIR; };
		2BD1D7FA28B626FE006A3848 /* SunsetWorkoutApp.swift */ = {isa = PBXFileReference; lastKnownFileType = sourcecode.swift; path = SunsetWorkoutApp.swift; sourceTree = "<group>"; };
		2BD1D7FC28B626FE006A3848 /* AuthorizationView.swift */ = {isa = PBXFileReference; lastKnownFileType = sourcecode.swift; path = AuthorizationView.swift; sourceTree = "<group>"; };
		2BD1D7FE28B626FF006A3848 /* Assets.xcassets */ = {isa = PBXFileReference; lastKnownFileType = folder.assetcatalog; path = Assets.xcassets; sourceTree = "<group>"; };
		2BD1D80128B626FF006A3848 /* Preview Assets.xcassets */ = {isa = PBXFileReference; lastKnownFileType = folder.assetcatalog; path = "Preview Assets.xcassets"; sourceTree = "<group>"; };
		2BD1D80728B626FF006A3848 /* SunsetWorkoutTests.xctest */ = {isa = PBXFileReference; explicitFileType = wrapper.cfbundle; includeInIndex = 0; path = SunsetWorkoutTests.xctest; sourceTree = BUILT_PRODUCTS_DIR; };
		2BD1D80B28B626FF006A3848 /* SunsetWorkoutTests.swift */ = {isa = PBXFileReference; lastKnownFileType = sourcecode.swift; path = SunsetWorkoutTests.swift; sourceTree = "<group>"; };
		2BF5759528FF4EF000F21605 /* ExerciseSearch.swift */ = {isa = PBXFileReference; lastKnownFileType = sourcecode.swift; path = ExerciseSearch.swift; sourceTree = "<group>"; };
		2BF5759728FF529A00F21605 /* ExerciseSearchLoader.swift */ = {isa = PBXFileReference; lastKnownFileType = sourcecode.swift; path = ExerciseSearchLoader.swift; sourceTree = "<group>"; };
		2BF5759928FF53A200F21605 /* WGERNetworkResponse.swift */ = {isa = PBXFileReference; lastKnownFileType = sourcecode.swift; path = WGERNetworkResponse.swift; sourceTree = "<group>"; };
		2BF5759B28FF540500F21605 /* URLSessionExtensions.swift */ = {isa = PBXFileReference; lastKnownFileType = sourcecode.swift; path = URLSessionExtensions.swift; sourceTree = "<group>"; };
		2BF5759F28FF54C300F21605 /* Endpoint.swift */ = {isa = PBXFileReference; lastKnownFileType = sourcecode.swift; path = Endpoint.swift; sourceTree = "<group>"; };
		2BF575A128FF54F900F21605 /* EndpointKind.swift */ = {isa = PBXFileReference; lastKnownFileType = sourcecode.swift; path = EndpointKind.swift; sourceTree = "<group>"; };
		2BF575A328FF552000F21605 /* EndpointKinds.swift */ = {isa = PBXFileReference; lastKnownFileType = sourcecode.swift; path = EndpointKinds.swift; sourceTree = "<group>"; };
		2BF575A528FF571E00F21605 /* UserSession.swift */ = {isa = PBXFileReference; lastKnownFileType = sourcecode.swift; path = UserSession.swift; sourceTree = "<group>"; };
		2BF575A728FF585100F21605 /* APIHost.swift */ = {isa = PBXFileReference; lastKnownFileType = sourcecode.swift; path = APIHost.swift; sourceTree = "<group>"; };
		2BF575A928FF596800F21605 /* AccessToken.swift */ = {isa = PBXFileReference; lastKnownFileType = sourcecode.swift; path = AccessToken.swift; sourceTree = "<group>"; };
		2BF575AB28FF59D000F21605 /* InvalidEndpointError.swift */ = {isa = PBXFileReference; lastKnownFileType = sourcecode.swift; path = InvalidEndpointError.swift; sourceTree = "<group>"; };
		2BF575AD28FF5EA000F21605 /* ExerciseSearchViewModel.swift */ = {isa = PBXFileReference; lastKnownFileType = sourcecode.swift; path = ExerciseSearchViewModel.swift; sourceTree = "<group>"; };
		2BFF29A428C4F1430041841F /* ProfileConfigurationView.swift */ = {isa = PBXFileReference; lastKnownFileType = sourcecode.swift; path = ProfileConfigurationView.swift; sourceTree = "<group>"; };
		2BFF29A628C4F5420041841F /* FeelingConfigurationView.swift */ = {isa = PBXFileReference; lastKnownFileType = sourcecode.swift; path = FeelingConfigurationView.swift; sourceTree = "<group>"; };
		2BFF29A928C4F55E0041841F /* FeelingType.swift */ = {isa = PBXFileReference; lastKnownFileType = sourcecode.swift; path = FeelingType.swift; sourceTree = "<group>"; };
		2BFF29AC28C55C3B0041841F /* TabBarItem.swift */ = {isa = PBXFileReference; lastKnownFileType = sourcecode.swift; path = TabBarItem.swift; sourceTree = "<group>"; };
		2BFF29AE28C59AD90041841F /* TabBarItemsPreferenceKey.swift */ = {isa = PBXFileReference; lastKnownFileType = sourcecode.swift; path = TabBarItemsPreferenceKey.swift; sourceTree = "<group>"; };
		2BFF29B028C59BD40041841F /* TabBarContainerView.swift */ = {isa = PBXFileReference; lastKnownFileType = sourcecode.swift; path = TabBarContainerView.swift; sourceTree = "<group>"; };
		2BFF29B228C5FFF00041841F /* TabBarView.swift */ = {isa = PBXFileReference; lastKnownFileType = sourcecode.swift; path = TabBarView.swift; sourceTree = "<group>"; };
/* End PBXFileReference section */

/* Begin PBXFrameworksBuildPhase section */
		2BD1D7F428B626FE006A3848 /* Frameworks */ = {
			isa = PBXFrameworksBuildPhase;
			buildActionMask = 2147483647;
			files = (
				2B7FDFEE28E7F640009FFAF5 /* RealmSwift in Frameworks */,
				2B64BA2828D5BD4700E95514 /* FirebaseCrashlytics in Frameworks */,
				2B64BA2628D5BD4700E95514 /* FirebaseAnalytics in Frameworks */,
				2B64BA2A28D5BD4700E95514 /* FirebasePerformance in Frameworks */,
				2B6608DC28D02D4F00361C0F /* HealthKit.framework in Frameworks */,
				2B7FDFEC28E7F640009FFAF5 /* Realm in Frameworks */,
			);
			runOnlyForDeploymentPostprocessing = 0;
		};
		2BD1D80428B626FF006A3848 /* Frameworks */ = {
			isa = PBXFrameworksBuildPhase;
			buildActionMask = 2147483647;
			files = (
			);
			runOnlyForDeploymentPostprocessing = 0;
		};
/* End PBXFrameworksBuildPhase section */

/* Begin PBXGroup section */
		2B03964F28FAE211000D7B26 /* Localization */ = {
			isa = PBXGroup;
			children = (
				2B03969028FAEDB1000D7B26 /* Localizable.strings */,
			);
			path = Localization;
			sourceTree = "<group>";
		};
		2B03968028FAEBA7000D7B26 /* LaunchScreen */ = {
			isa = PBXGroup;
			children = (
				2B03968528FAEBC6000D7B26 /* Launch Screen.storyboard */,
			);
			path = LaunchScreen;
			sourceTree = "<group>";
		};
		2B03969228FB4A88000D7B26 /* Form */ = {
			isa = PBXGroup;
			children = (
				2B03969328FB4A93000D7B26 /* FloatingTextField.swift */,
				2B03964D28FAE0E9000D7B26 /* HIITFormView.swift */,
				2B03964B28FAE07F000D7B26 /* TraditionalFormView.swift */,
				2B03969528FB4BB1000D7B26 /* BaseWorkoutFormView.swift */,
				2B03969728FB514E000D7B26 /* UserProfileFormView.swift */,
				2B2EB1A528FCB5B500F4FEDB /* WorkoutExerciseFormView.swift */,
			);
			path = Form;
			sourceTree = "<group>";
		};
		2B2EB19728FC9E1100F4FEDB /* General */ = {
			isa = PBXGroup;
			children = (
				2B2EB19828FC9EE400F4FEDB /* BackgroundView.swift */,
			);
			path = General;
			sourceTree = "<group>";
		};
		2B2EB19A28FC9F4A00F4FEDB /* Utilities */ = {
			isa = PBXGroup;
			children = (
				2B6608CB28CCC84600361C0F /* ViewExtensions.swift */,
				2B2EB19D28FC9FD500F4FEDB /* CustomBlurView.swift */,
				2B2EB19F28FCA02200F4FEDB /* GlassMorphicCard.swift */,
			);
			path = Utilities;
			sourceTree = "<group>";
		};
		2B6608C328CB63C800361C0F /* Dashboard */ = {
			isa = PBXGroup;
			children = (
				2B6608C428CB63D400361C0F /* DashboardView.swift */,
				2B2EB1A328FCA91F00F4FEDB /* DashboardCardView.swift */,
			);
			path = Dashboard;
			sourceTree = "<group>";
		};
		2B6608C828CCC56A00361C0F /* ViewModels */ = {
			isa = PBXGroup;
			children = (
				2B0E224528D32152009F0E8B /* ProfileConfigurationViewModel.swift */,
				2B9FEB7628D4A42F00577A67 /* DashboardViewModel.swift */,
				2B83FA7F28DD38B800C3B1C0 /* FeelingViewModel.swift */,
				2B94AD7128F75C7A00F3C71B /* WorkoutViewModel.swift */,
				2B39EACF28F96EE000752742 /* WorkoutsViewModel.swift */,
				2BF5759728FF529A00F21605 /* ExerciseSearchLoader.swift */,
				2BF575AD28FF5EA000F21605 /* ExerciseSearchViewModel.swift */,
			);
			path = ViewModels;
			sourceTree = "<group>";
		};
		2B6608DA28D02D4F00361C0F /* Frameworks */ = {
			isa = PBXGroup;
			children = (
				2B6608DB28D02D4F00361C0F /* HealthKit.framework */,
			);
			name = Frameworks;
			sourceTree = "<group>";
		};
		2B7FDFEF28E7F6A8009FFAF5 /* Models */ = {
			isa = PBXGroup;
			children = (
				2B94AD7328F7604F00F3C71B /* Enums */,
				2B28C59B28E7F6F6008CBB83 /* FeelingModel.swift */,
				2B00C26528EEE3C3002FDA9F /* Quote.swift */,
				2B00C26728EEE3C9002FDA9F /* QuoteTag.swift */,
				2B94AD7828F7608B00F3C71B /* SWMetadata.swift */,
				2B94AD7A28F7609100F3C71B /* SWWorkout.swift */,
				2BB3273D29034E13008A4B81 /* SWExerciseModel.swift */,
				2B94AD7C28F7677E00F3C71B /* SWWorkoutModel.swift */,
				2B94AD7E28F7686100F3C71B /* SWWorkoutMetadataModel.swift */,
				2B8EE31F28F9F52D00206F9C /* Feeling.swift */,
				2BF5759528FF4EF000F21605 /* ExerciseSearch.swift */,
				2BF5759928FF53A200F21605 /* WGERNetworkResponse.swift */,
				2BF5759F28FF54C300F21605 /* Endpoint.swift */,
				2BF575A528FF571E00F21605 /* UserSession.swift */,
				2BF575A728FF585100F21605 /* APIHost.swift */,
				2BB3273B29034D43008A4B81 /* SWExercise.swift */,
			);
			path = Models;
			sourceTree = "<group>";
		};
		2B94AD7328F7604F00F3C71B /* Enums */ = {
			isa = PBXGroup;
			children = (
				2BFF29AC28C55C3B0041841F /* TabBarItem.swift */,
				2BFF29A928C4F55E0041841F /* FeelingType.swift */,
				2B94AD7428F7605A00F3C71B /* SWWorkoutType.swift */,
				2B94AD7628F7607500F3C71B /* SWMetadataType.swift */,
				2BF575A328FF552000F21605 /* EndpointKinds.swift */,
				2BF575A928FF596800F21605 /* AccessToken.swift */,
			);
			path = Enums;
			sourceTree = "<group>";
		};
		2BD1D7EE28B626FE006A3848 = {
			isa = PBXGroup;
			children = (
				2B2EB1A728FCB7C400F4FEDB /* README.md */,
				2BD1D7F928B626FE006A3848 /* SunsetWorkout */,
				2BD1D80A28B626FF006A3848 /* SunsetWorkoutTests */,
				2BD1D7F828B626FE006A3848 /* Products */,
				2B6608DA28D02D4F00361C0F /* Frameworks */,
			);
			sourceTree = "<group>";
		};
		2BD1D7F828B626FE006A3848 /* Products */ = {
			isa = PBXGroup;
			children = (
				2BD1D7F728B626FE006A3848 /* SunsetWorkout.app */,
				2BD1D80728B626FF006A3848 /* SunsetWorkoutTests.xctest */,
			);
			name = Products;
			sourceTree = "<group>";
		};
		2BD1D7F928B626FE006A3848 /* SunsetWorkout */ = {
			isa = PBXGroup;
			children = (
				2B03964F28FAE211000D7B26 /* Localization */,
				2B83FA7428D8A19A00C3B1C0 /* Info.plist */,
				2B6608D928D02D4F00361C0F /* SunsetWorkout.entitlements */,
				2BFF29A828C4F54B0041841F /* Utilities */,
				2B7FDFEF28E7F6A8009FFAF5 /* Models */,
				2BFF299E28C350A50041841F /* Views */,
				2B6608C828CCC56A00361C0F /* ViewModels */,
				2BD1D7FA28B626FE006A3848 /* SunsetWorkoutApp.swift */,
				2B64BA2028D5B8D500E95514 /* GoogleService-Info.plist */,
				2BD1D7FE28B626FF006A3848 /* Assets.xcassets */,
				2BD1D80028B626FF006A3848 /* Preview Content */,
			);
			path = SunsetWorkout;
			sourceTree = "<group>";
		};
		2BD1D80028B626FF006A3848 /* Preview Content */ = {
			isa = PBXGroup;
			children = (
				2BD1D80128B626FF006A3848 /* Preview Assets.xcassets */,
			);
			path = "Preview Content";
			sourceTree = "<group>";
		};
		2BD1D80A28B626FF006A3848 /* SunsetWorkoutTests */ = {
			isa = PBXGroup;
			children = (
				2BD1D80B28B626FF006A3848 /* SunsetWorkoutTests.swift */,
				2BB3274529036E4C008A4B81 /* SunsetWorkoutExerciseTests.swift */,
			);
			path = SunsetWorkoutTests;
			sourceTree = "<group>";
		};
		2BFF299E28C350A50041841F /* Views */ = {
			isa = PBXGroup;
			children = (
				2B2EB19A28FC9F4A00F4FEDB /* Utilities */,
				2B2EB19728FC9E1100F4FEDB /* General */,
				2B03969228FB4A88000D7B26 /* Form */,
				2B03968028FAEBA7000D7B26 /* LaunchScreen */,
				2B6608C328CB63C800361C0F /* Dashboard */,
				2BFF29AB28C55BC70041841F /* TabBar */,
				2BFF29A228C350D30041841F /* Profile */,
				2BFF29A128C350C00041841F /* Exercise */,
				2BFF29A028C350B70041841F /* Workout */,
				2BFF299F28C350AD0041841F /* Configuration */,
			);
			path = Views;
			sourceTree = "<group>";
		};
		2BFF299F28C350AD0041841F /* Configuration */ = {
			isa = PBXGroup;
			children = (
				2BD1D7FC28B626FE006A3848 /* AuthorizationView.swift */,
				2B6608D328CDFA7700361C0F /* ConfigurationWalkthrough.swift */,
				2BFF29A428C4F1430041841F /* ProfileConfigurationView.swift */,
				2BFF29A628C4F5420041841F /* FeelingConfigurationView.swift */,
			);
			path = Configuration;
			sourceTree = "<group>";
		};
		2BFF29A028C350B70041841F /* Workout */ = {
			isa = PBXGroup;
			children = (
				2B83FA7528DC799400C3B1C0 /* CreateFormView.swift */,
				2B83FA7D28DC876B00C3B1C0 /* LaunchNewWorkoutView.swift */,
				2B39EACD28F96C6E00752742 /* WorkoutsView.swift */,
				2B37B66D28FC0F57005302D7 /* WorkoutCardView.swift */,
				2B2EB1A128FCA76D00F4FEDB /* WorkoutView.swift */,
			);
			path = Workout;
			sourceTree = "<group>";
		};
		2BFF29A128C350C00041841F /* Exercise */ = {
			isa = PBXGroup;
			children = (
				2BC1126728FDF1A400898C80 /* CreateWorkoutExerciseView.swift */,
				2BC1126928FDF80500898C80 /* WorkoutExerciseSearchView.swift */,
			);
			path = Exercise;
			sourceTree = "<group>";
		};
		2BFF29A228C350D30041841F /* Profile */ = {
			isa = PBXGroup;
			children = (
			);
			path = Profile;
			sourceTree = "<group>";
		};
		2BFF29A828C4F54B0041841F /* Utilities */ = {
			isa = PBXGroup;
			children = (
				2BFF29AE28C59AD90041841F /* TabBarItemsPreferenceKey.swift */,
				2B6608C628CC9F6300361C0F /* Colors.swift */,
				2B6608D728D02D0600361C0F /* SWHealthStoreManager.swift */,
				2B00C25D28EEC637002FDA9F /* RealmManager.swift */,
				2B00C25F28EED907002FDA9F /* SWError.swift */,
				2B00C26128EED97D002FDA9F /* ErrorEnums.swift */,
				2B00C26328EEE31C002FDA9F /* DateExtension.swift */,
				2B00C26928EEE80A002FDA9F /* HKQueriable.swift */,
				2B39EAD128F96FF700752742 /* FetchRequest.swift */,
				2BF5759B28FF540500F21605 /* URLSessionExtensions.swift */,
				2BF575A128FF54F900F21605 /* EndpointKind.swift */,
				2BF575AB28FF59D000F21605 /* InvalidEndpointError.swift */,
				2BB327412903642F008A4B81 /* ArrayExtensions.swift */,
				2BB3274329036768008A4B81 /* CollectionExtensions.swift */,
			);
			path = Utilities;
			sourceTree = "<group>";
		};
		2BFF29AB28C55BC70041841F /* TabBar */ = {
			isa = PBXGroup;
			children = (
				2BFF29B028C59BD40041841F /* TabBarContainerView.swift */,
				2BFF29B228C5FFF00041841F /* TabBarView.swift */,
				2B6608C128CB5A4E00361C0F /* MainView.swift */,
				2B83FA7B28DC867200C3B1C0 /* EmptySelectingView.swift */,
			);
			path = TabBar;
			sourceTree = "<group>";
		};
/* End PBXGroup section */

/* Begin PBXNativeTarget section */
		2BD1D7F628B626FE006A3848 /* SunsetWorkout */ = {
			isa = PBXNativeTarget;
			buildConfigurationList = 2BD1D81B28B626FF006A3848 /* Build configuration list for PBXNativeTarget "SunsetWorkout" */;
			buildPhases = (
				2BD1D7F328B626FE006A3848 /* Sources */,
				2BD1D7F428B626FE006A3848 /* Frameworks */,
				2BD1D7F528B626FE006A3848 /* Resources */,
				2BC729D228B690DE00FD0B04 /* SwiftLint */,
			);
			buildRules = (
			);
			dependencies = (
			);
			name = SunsetWorkout;
			packageProductDependencies = (
				2B64BA2528D5BD4700E95514 /* FirebaseAnalytics */,
				2B64BA2728D5BD4700E95514 /* FirebaseCrashlytics */,
				2B64BA2928D5BD4700E95514 /* FirebasePerformance */,
				2B7FDFEB28E7F640009FFAF5 /* Realm */,
				2B7FDFED28E7F640009FFAF5 /* RealmSwift */,
			);
			productName = SunsetWorkout;
			productReference = 2BD1D7F728B626FE006A3848 /* SunsetWorkout.app */;
			productType = "com.apple.product-type.application";
		};
		2BD1D80628B626FF006A3848 /* SunsetWorkoutTests */ = {
			isa = PBXNativeTarget;
			buildConfigurationList = 2BD1D81E28B626FF006A3848 /* Build configuration list for PBXNativeTarget "SunsetWorkoutTests" */;
			buildPhases = (
				2BD1D80328B626FF006A3848 /* Sources */,
				2BD1D80428B626FF006A3848 /* Frameworks */,
				2BD1D80528B626FF006A3848 /* Resources */,
			);
			buildRules = (
			);
			dependencies = (
				2BD1D80928B626FF006A3848 /* PBXTargetDependency */,
			);
			name = SunsetWorkoutTests;
			productName = SunsetWorkoutTests;
			productReference = 2BD1D80728B626FF006A3848 /* SunsetWorkoutTests.xctest */;
			productType = "com.apple.product-type.bundle.unit-test";
		};
/* End PBXNativeTarget section */

/* Begin PBXProject section */
		2BD1D7EF28B626FE006A3848 /* Project object */ = {
			isa = PBXProject;
			attributes = {
				BuildIndependentTargetsInParallel = 1;
				LastSwiftUpdateCheck = 1340;
				LastUpgradeCheck = 1400;
				TargetAttributes = {
					2BD1D7F628B626FE006A3848 = {
						CreatedOnToolsVersion = 13.4.1;
					};
					2BD1D80628B626FF006A3848 = {
						CreatedOnToolsVersion = 13.4.1;
						TestTargetID = 2BD1D7F628B626FE006A3848;
					};
				};
			};
			buildConfigurationList = 2BD1D7F228B626FE006A3848 /* Build configuration list for PBXProject "SunsetWorkout" */;
			compatibilityVersion = "Xcode 13.0";
			developmentRegion = en;
			hasScannedForEncodings = 0;
			knownRegions = (
				en,
				Base,
				fr,
			);
			mainGroup = 2BD1D7EE28B626FE006A3848;
			packageReferences = (
				2B64BA2428D5BD4700E95514 /* XCRemoteSwiftPackageReference "firebase-ios-sdk" */,
				2B7FDFEA28E7F640009FFAF5 /* XCRemoteSwiftPackageReference "realm-swift" */,
			);
			productRefGroup = 2BD1D7F828B626FE006A3848 /* Products */;
			projectDirPath = "";
			projectRoot = "";
			targets = (
				2BD1D7F628B626FE006A3848 /* SunsetWorkout */,
				2BD1D80628B626FF006A3848 /* SunsetWorkoutTests */,
			);
		};
/* End PBXProject section */

/* Begin PBXResourcesBuildPhase section */
		2BD1D7F528B626FE006A3848 /* Resources */ = {
			isa = PBXResourcesBuildPhase;
			buildActionMask = 2147483647;
			files = (
				2B03968E28FAEDB1000D7B26 /* Localizable.strings in Resources */,
				2BD1D80228B626FF006A3848 /* Preview Assets.xcassets in Resources */,
				2BD1D7FF28B626FF006A3848 /* Assets.xcassets in Resources */,
				2B03968328FAEBC6000D7B26 /* Launch Screen.storyboard in Resources */,
				2B64BA2128D5B8D500E95514 /* GoogleService-Info.plist in Resources */,
			);
			runOnlyForDeploymentPostprocessing = 0;
		};
		2BD1D80528B626FF006A3848 /* Resources */ = {
			isa = PBXResourcesBuildPhase;
			buildActionMask = 2147483647;
			files = (
			);
			runOnlyForDeploymentPostprocessing = 0;
		};
/* End PBXResourcesBuildPhase section */

/* Begin PBXShellScriptBuildPhase section */
		2BC729D228B690DE00FD0B04 /* SwiftLint */ = {
			isa = PBXShellScriptBuildPhase;
			alwaysOutOfDate = 1;
			buildActionMask = 2147483647;
			files = (
			);
			inputFileListPaths = (
			);
			inputPaths = (
			);
			name = SwiftLint;
			outputFileListPaths = (
			);
			outputPaths = (
			);
			runOnlyForDeploymentPostprocessing = 0;
			shellPath = /bin/sh;
			shellScript = "export PATH=\"$PATH:/opt/homebrew/bin\"\nif which swiftlint > /dev/null; then\n    swiftlint --fix & swiftlint\nelse\n  echo \"warning: SwiftLint not installed, download from https://github.com/realm/SwiftLint\"\nfi\n";
		};
/* End PBXShellScriptBuildPhase section */

/* Begin PBXSourcesBuildPhase section */
		2BD1D7F328B626FE006A3848 /* Sources */ = {
			isa = PBXSourcesBuildPhase;
			buildActionMask = 2147483647;
			files = (
				2BFF29AD28C55C3B0041841F /* TabBarItem.swift in Sources */,
				2B94AD7528F7605A00F3C71B /* SWWorkoutType.swift in Sources */,
				2BF5759828FF529A00F21605 /* ExerciseSearchLoader.swift in Sources */,
				2B39EACE28F96C6E00752742 /* WorkoutsView.swift in Sources */,
				2BB327422903642F008A4B81 /* ArrayExtensions.swift in Sources */,
				2B6608C728CC9F6300361C0F /* Colors.swift in Sources */,
				2B83FA7C28DC867200C3B1C0 /* EmptySelectingView.swift in Sources */,
				2B03969628FB4BB1000D7B26 /* BaseWorkoutFormView.swift in Sources */,
				2BB3273E29034E13008A4B81 /* SWExerciseModel.swift in Sources */,
				2BFF29B328C5FFF00041841F /* TabBarView.swift in Sources */,
				2B03964C28FAE07F000D7B26 /* TraditionalFormView.swift in Sources */,
				2B39EAD228F96FF700752742 /* FetchRequest.swift in Sources */,
				2B2EB1A028FCA02200F4FEDB /* GlassMorphicCard.swift in Sources */,
				2B94AD7228F75C7A00F3C71B /* WorkoutViewModel.swift in Sources */,
				2B03969828FB514E000D7B26 /* UserProfileFormView.swift in Sources */,
				2BB3274429036768008A4B81 /* CollectionExtensions.swift in Sources */,
				2BF575A228FF54F900F21605 /* EndpointKind.swift in Sources */,
				2BF575AA28FF596800F21605 /* AccessToken.swift in Sources */,
				2B00C26028EED907002FDA9F /* SWError.swift in Sources */,
				2B03964E28FAE0E9000D7B26 /* HIITFormView.swift in Sources */,
				2B2EB1A228FCA76D00F4FEDB /* WorkoutView.swift in Sources */,
				2BF575AE28FF5EA000F21605 /* ExerciseSearchViewModel.swift in Sources */,
				2B94AD7B28F7609100F3C71B /* SWWorkout.swift in Sources */,
				2B03969428FB4A93000D7B26 /* FloatingTextField.swift in Sources */,
				2B00C26428EEE31C002FDA9F /* DateExtension.swift in Sources */,
				2BFF29A528C4F1430041841F /* ProfileConfigurationView.swift in Sources */,
				2B00C25E28EEC637002FDA9F /* RealmManager.swift in Sources */,
				2B2EB1A428FCA91F00F4FEDB /* DashboardCardView.swift in Sources */,
				2B6608C228CB5A4E00361C0F /* MainView.swift in Sources */,
				2BF575A628FF571E00F21605 /* UserSession.swift in Sources */,
				2B2EB1A628FCB5B500F4FEDB /* WorkoutExerciseFormView.swift in Sources */,
				2BFF29AF28C59AD90041841F /* TabBarItemsPreferenceKey.swift in Sources */,
				2BFF29AA28C4F55E0041841F /* FeelingType.swift in Sources */,
				2B6608CC28CCC84600361C0F /* ViewExtensions.swift in Sources */,
				2B9FEB7728D4A42F00577A67 /* DashboardViewModel.swift in Sources */,
				2B00C26A28EEE80A002FDA9F /* HKQueriable.swift in Sources */,
				2BC1126828FDF1A400898C80 /* CreateWorkoutExerciseView.swift in Sources */,
				2BF575A828FF585100F21605 /* APIHost.swift in Sources */,
				2B28C59C28E7F6F6008CBB83 /* FeelingModel.swift in Sources */,
				2B83FA8028DD38B800C3B1C0 /* FeelingViewModel.swift in Sources */,
				2B6608C528CB63D400361C0F /* DashboardView.swift in Sources */,
				2B83FA7628DC799400C3B1C0 /* CreateFormView.swift in Sources */,
				2BF575A028FF54C300F21605 /* Endpoint.swift in Sources */,
				2B6608D428CDFA7700361C0F /* ConfigurationWalkthrough.swift in Sources */,
				2BD1D7FD28B626FE006A3848 /* AuthorizationView.swift in Sources */,
				2B0E224628D32152009F0E8B /* ProfileConfigurationViewModel.swift in Sources */,
				2B2EB19928FC9EE400F4FEDB /* BackgroundView.swift in Sources */,
				2B8EE32028F9F52D00206F9C /* Feeling.swift in Sources */,
				2B37B66E28FC0F57005302D7 /* WorkoutCardView.swift in Sources */,
				2BFF29A728C4F5420041841F /* FeelingConfigurationView.swift in Sources */,
				2B39EAD028F96EE000752742 /* WorkoutsViewModel.swift in Sources */,
				2B94AD7928F7608B00F3C71B /* SWMetadata.swift in Sources */,
				2B94AD7F28F7686100F3C71B /* SWWorkoutMetadataModel.swift in Sources */,
				2B83FA7E28DC876B00C3B1C0 /* LaunchNewWorkoutView.swift in Sources */,
				2BF575A428FF552000F21605 /* EndpointKinds.swift in Sources */,
				2B00C26628EEE3C3002FDA9F /* Quote.swift in Sources */,
				2B00C26828EEE3C9002FDA9F /* QuoteTag.swift in Sources */,
				2B6608D828D02D0600361C0F /* SWHealthStoreManager.swift in Sources */,
				2B2EB19E28FC9FD500F4FEDB /* CustomBlurView.swift in Sources */,
				2BC1126A28FDF80500898C80 /* WorkoutExerciseSearchView.swift in Sources */,
				2B94AD7728F7607500F3C71B /* SWMetadataType.swift in Sources */,
				2BF5759628FF4EF000F21605 /* ExerciseSearch.swift in Sources */,
				2BF5759C28FF540500F21605 /* URLSessionExtensions.swift in Sources */,
				2BB3273C29034D43008A4B81 /* SWExercise.swift in Sources */,
				2BFF29B128C59BD40041841F /* TabBarContainerView.swift in Sources */,
				2BF575AC28FF59D000F21605 /* InvalidEndpointError.swift in Sources */,
				2BF5759A28FF53A200F21605 /* WGERNetworkResponse.swift in Sources */,
				2B94AD7D28F7677E00F3C71B /* SWWorkoutModel.swift in Sources */,
				2B00C26228EED97D002FDA9F /* ErrorEnums.swift in Sources */,
				2BD1D7FB28B626FE006A3848 /* SunsetWorkoutApp.swift in Sources */,
			);
			runOnlyForDeploymentPostprocessing = 0;
		};
		2BD1D80328B626FF006A3848 /* Sources */ = {
			isa = PBXSourcesBuildPhase;
			buildActionMask = 2147483647;
			files = (
				2BB3274629036E4C008A4B81 /* SunsetWorkoutExerciseTests.swift in Sources */,
				2BD1D80C28B626FF006A3848 /* SunsetWorkoutTests.swift in Sources */,
			);
			runOnlyForDeploymentPostprocessing = 0;
		};
/* End PBXSourcesBuildPhase section */

/* Begin PBXTargetDependency section */
		2BD1D80928B626FF006A3848 /* PBXTargetDependency */ = {
			isa = PBXTargetDependency;
			target = 2BD1D7F628B626FE006A3848 /* SunsetWorkout */;
			targetProxy = 2BD1D80828B626FF006A3848 /* PBXContainerItemProxy */;
		};
/* End PBXTargetDependency section */

/* Begin PBXVariantGroup section */
		2B03968528FAEBC6000D7B26 /* Launch Screen.storyboard */ = {
			isa = PBXVariantGroup;
			children = (
				2B03968428FAEBC6000D7B26 /* Base */,
				2B03968628FAEBDE000D7B26 /* fr */,
			);
			name = "Launch Screen.storyboard";
			sourceTree = "<group>";
		};
		2B03969028FAEDB1000D7B26 /* Localizable.strings */ = {
			isa = PBXVariantGroup;
			children = (
				2B03968F28FAEDB1000D7B26 /* en */,
			);
			name = Localizable.strings;
			sourceTree = "<group>";
		};
/* End PBXVariantGroup section */

/* Begin XCBuildConfiguration section */
		2B80A37D2901FC2A008C541F /* Testing */ = {
			isa = XCBuildConfiguration;
			buildSettings = {
				ALWAYS_SEARCH_USER_PATHS = NO;
				CLANG_ANALYZER_LOCALIZABILITY_NONLOCALIZED = YES;
				CLANG_ANALYZER_NONNULL = YES;
				CLANG_ANALYZER_NUMBER_OBJECT_CONVERSION = YES_AGGRESSIVE;
				CLANG_CXX_LANGUAGE_STANDARD = "gnu++17";
				CLANG_ENABLE_MODULES = YES;
				CLANG_ENABLE_OBJC_ARC = YES;
				CLANG_ENABLE_OBJC_WEAK = YES;
				CLANG_WARN_BLOCK_CAPTURE_AUTORELEASING = YES;
				CLANG_WARN_BOOL_CONVERSION = YES;
				CLANG_WARN_COMMA = YES;
				CLANG_WARN_CONSTANT_CONVERSION = YES;
				CLANG_WARN_DEPRECATED_OBJC_IMPLEMENTATIONS = YES;
				CLANG_WARN_DIRECT_OBJC_ISA_USAGE = YES_ERROR;
				CLANG_WARN_DOCUMENTATION_COMMENTS = YES;
				CLANG_WARN_EMPTY_BODY = YES;
				CLANG_WARN_ENUM_CONVERSION = YES;
				CLANG_WARN_INFINITE_RECURSION = YES;
				CLANG_WARN_INT_CONVERSION = YES;
				CLANG_WARN_NON_LITERAL_NULL_CONVERSION = YES;
				CLANG_WARN_OBJC_IMPLICIT_RETAIN_SELF = YES;
				CLANG_WARN_OBJC_LITERAL_CONVERSION = YES;
				CLANG_WARN_OBJC_ROOT_CLASS = YES_ERROR;
				CLANG_WARN_QUOTED_INCLUDE_IN_FRAMEWORK_HEADER = YES;
				CLANG_WARN_RANGE_LOOP_ANALYSIS = YES;
				CLANG_WARN_STRICT_PROTOTYPES = YES;
				CLANG_WARN_SUSPICIOUS_MOVE = YES;
				CLANG_WARN_UNGUARDED_AVAILABILITY = YES_AGGRESSIVE;
				CLANG_WARN_UNREACHABLE_CODE = YES;
				CLANG_WARN__DUPLICATE_METHOD_MATCH = YES;
				CODE_SIGN_IDENTITY = "Apple Development";
				COPY_PHASE_STRIP = NO;
				DEBUG_INFORMATION_FORMAT = dwarf;
				ENABLE_STRICT_OBJC_MSGSEND = YES;
				ENABLE_TESTABILITY = YES;
				GCC_C_LANGUAGE_STANDARD = gnu11;
				GCC_DYNAMIC_NO_PIC = NO;
				GCC_NO_COMMON_BLOCKS = YES;
				GCC_OPTIMIZATION_LEVEL = 0;
				GCC_PREPROCESSOR_DEFINITIONS = (
					"DEBUG=1",
					"$(inherited)",
				);
				GCC_WARN_64_TO_32_BIT_CONVERSION = YES;
				GCC_WARN_ABOUT_RETURN_TYPE = YES_ERROR;
				GCC_WARN_UNDECLARED_SELECTOR = YES;
				GCC_WARN_UNINITIALIZED_AUTOS = YES_AGGRESSIVE;
				GCC_WARN_UNUSED_FUNCTION = YES;
				GCC_WARN_UNUSED_VARIABLE = YES;
				IPHONEOS_DEPLOYMENT_TARGET = 14.0;
				MTL_ENABLE_DEBUG_INFO = INCLUDE_SOURCE;
				MTL_FAST_MATH = YES;
				ONLY_ACTIVE_ARCH = YES;
				SDKROOT = iphoneos;
				SWIFT_ACTIVE_COMPILATION_CONDITIONS = TESTING;
				SWIFT_OPTIMIZATION_LEVEL = "-Onone";
			};
			name = Testing;
		};
		2B80A37E2901FC2A008C541F /* Testing */ = {
			isa = XCBuildConfiguration;
			buildSettings = {
				ASSETCATALOG_COMPILER_APPICON_NAME = AppIcon;
				ASSETCATALOG_COMPILER_GLOBAL_ACCENT_COLOR_NAME = AccentColor;
				CODE_SIGN_ENTITLEMENTS = SunsetWorkout/SunsetWorkout.entitlements;
				CODE_SIGN_STYLE = Automatic;
				CURRENT_PROJECT_VERSION = 1;
				DEVELOPMENT_ASSET_PATHS = "\"SunsetWorkout/Preview Content\"";
				DEVELOPMENT_TEAM = 6268FDJSTY;
				ENABLE_PREVIEWS = YES;
				ENABLE_TESTABILITY = YES;
				GENERATE_INFOPLIST_FILE = YES;
				INFOPLIST_FILE = SunsetWorkout/Info.plist;
				INFOPLIST_KEY_CFBundleDisplayName = "Sunset Workout";
				INFOPLIST_KEY_LSApplicationCategoryType = "public.app-category.healthcare-fitness";
				INFOPLIST_KEY_NSHealthClinicalHealthRecordsShareUsageDescription = "Synchronize your workouts to the Apple's Health app";
				INFOPLIST_KEY_NSHealthShareUsageDescription = "Your workout data will be used to show histories";
				INFOPLIST_KEY_NSHealthUpdateUsageDescription = "Your health records will be used to make workouts sessions follow.";
				INFOPLIST_KEY_UIApplicationSceneManifest_Generation = YES;
				INFOPLIST_KEY_UIApplicationSupportsIndirectInputEvents = YES;
				INFOPLIST_KEY_UILaunchScreen_Generation = YES;
				INFOPLIST_KEY_UILaunchStoryboardName = "Launch Screen.storyboard";
				INFOPLIST_KEY_UISupportedInterfaceOrientations = UIInterfaceOrientationPortrait;
				INFOPLIST_KEY_UISupportedInterfaceOrientations_iPad = "UIInterfaceOrientationLandscapeLeft UIInterfaceOrientationLandscapeRight UIInterfaceOrientationPortrait UIInterfaceOrientationPortraitUpsideDown";
				IPHONEOS_DEPLOYMENT_TARGET = 14.0;
				LD_RUNPATH_SEARCH_PATHS = (
					"$(inherited)",
					"@executable_path/Frameworks",
				);
				MARKETING_VERSION = 1.0;
				PRODUCT_BUNDLE_IDENTIFIER = com.poggero.SunsetWorkout;
				PRODUCT_NAME = "$(TARGET_NAME)";
				SUPPORTED_PLATFORMS = "iphoneos iphonesimulator";
				SUPPORTS_MACCATALYST = NO;
				SUPPORTS_MAC_DESIGNED_FOR_IPHONE_IPAD = NO;
				SWIFT_EMIT_LOC_STRINGS = YES;
				SWIFT_VERSION = 5.0;
				TARGETED_DEVICE_FAMILY = 1;
			};
			name = Testing;
		};
		2B80A37F2901FC2A008C541F /* Testing */ = {
			isa = XCBuildConfiguration;
			buildSettings = {
				ALWAYS_EMBED_SWIFT_STANDARD_LIBRARIES = YES;
				BUNDLE_LOADER = "$(TEST_HOST)";
				CODE_SIGN_STYLE = Automatic;
				CURRENT_PROJECT_VERSION = 1;
				DEVELOPMENT_TEAM = 6268FDJSTY;
				GENERATE_INFOPLIST_FILE = YES;
				IPHONEOS_DEPLOYMENT_TARGET = 14.0;
				MARKETING_VERSION = 1.0;
				PRODUCT_BUNDLE_IDENTIFIER = com.poggero.SunsetWorkoutTests;
				PRODUCT_NAME = "$(TARGET_NAME)";
				SUPPORTED_PLATFORMS = "iphoneos iphonesimulator";
				SUPPORTS_MACCATALYST = NO;
				SUPPORTS_MAC_DESIGNED_FOR_IPHONE_IPAD = NO;
				SWIFT_EMIT_LOC_STRINGS = NO;
				SWIFT_VERSION = 5.0;
				TARGETED_DEVICE_FAMILY = 1;
				TEST_HOST = "$(BUILT_PRODUCTS_DIR)/SunsetWorkout.app/SunsetWorkout";
			};
			name = Testing;
		};
		2BD1D81928B626FF006A3848 /* Debug */ = {
			isa = XCBuildConfiguration;
			buildSettings = {
				ALWAYS_SEARCH_USER_PATHS = NO;
				CLANG_ANALYZER_LOCALIZABILITY_NONLOCALIZED = YES;
				CLANG_ANALYZER_NONNULL = YES;
				CLANG_ANALYZER_NUMBER_OBJECT_CONVERSION = YES_AGGRESSIVE;
				CLANG_CXX_LANGUAGE_STANDARD = "gnu++17";
				CLANG_ENABLE_MODULES = YES;
				CLANG_ENABLE_OBJC_ARC = YES;
				CLANG_ENABLE_OBJC_WEAK = YES;
				CLANG_WARN_BLOCK_CAPTURE_AUTORELEASING = YES;
				CLANG_WARN_BOOL_CONVERSION = YES;
				CLANG_WARN_COMMA = YES;
				CLANG_WARN_CONSTANT_CONVERSION = YES;
				CLANG_WARN_DEPRECATED_OBJC_IMPLEMENTATIONS = YES;
				CLANG_WARN_DIRECT_OBJC_ISA_USAGE = YES_ERROR;
				CLANG_WARN_DOCUMENTATION_COMMENTS = YES;
				CLANG_WARN_EMPTY_BODY = YES;
				CLANG_WARN_ENUM_CONVERSION = YES;
				CLANG_WARN_INFINITE_RECURSION = YES;
				CLANG_WARN_INT_CONVERSION = YES;
				CLANG_WARN_NON_LITERAL_NULL_CONVERSION = YES;
				CLANG_WARN_OBJC_IMPLICIT_RETAIN_SELF = YES;
				CLANG_WARN_OBJC_LITERAL_CONVERSION = YES;
				CLANG_WARN_OBJC_ROOT_CLASS = YES_ERROR;
				CLANG_WARN_QUOTED_INCLUDE_IN_FRAMEWORK_HEADER = YES;
				CLANG_WARN_RANGE_LOOP_ANALYSIS = YES;
				CLANG_WARN_STRICT_PROTOTYPES = YES;
				CLANG_WARN_SUSPICIOUS_MOVE = YES;
				CLANG_WARN_UNGUARDED_AVAILABILITY = YES_AGGRESSIVE;
				CLANG_WARN_UNREACHABLE_CODE = YES;
				CLANG_WARN__DUPLICATE_METHOD_MATCH = YES;
				CODE_SIGN_IDENTITY = "Apple Development";
				COPY_PHASE_STRIP = NO;
				DEBUG_INFORMATION_FORMAT = dwarf;
				ENABLE_STRICT_OBJC_MSGSEND = YES;
				ENABLE_TESTABILITY = YES;
				GCC_C_LANGUAGE_STANDARD = gnu11;
				GCC_DYNAMIC_NO_PIC = NO;
				GCC_NO_COMMON_BLOCKS = YES;
				GCC_OPTIMIZATION_LEVEL = 0;
				GCC_PREPROCESSOR_DEFINITIONS = (
					"DEBUG=1",
					"$(inherited)",
				);
				GCC_WARN_64_TO_32_BIT_CONVERSION = YES;
				GCC_WARN_ABOUT_RETURN_TYPE = YES_ERROR;
				GCC_WARN_UNDECLARED_SELECTOR = YES;
				GCC_WARN_UNINITIALIZED_AUTOS = YES_AGGRESSIVE;
				GCC_WARN_UNUSED_FUNCTION = YES;
				GCC_WARN_UNUSED_VARIABLE = YES;
				IPHONEOS_DEPLOYMENT_TARGET = 14.0;
				MTL_ENABLE_DEBUG_INFO = INCLUDE_SOURCE;
				MTL_FAST_MATH = YES;
				ONLY_ACTIVE_ARCH = YES;
				SDKROOT = iphoneos;
				SWIFT_ACTIVE_COMPILATION_CONDITIONS = DEBUG;
				SWIFT_OPTIMIZATION_LEVEL = "-Onone";
			};
			name = Debug;
		};
		2BD1D81A28B626FF006A3848 /* Release */ = {
			isa = XCBuildConfiguration;
			buildSettings = {
				ALWAYS_SEARCH_USER_PATHS = NO;
				CLANG_ANALYZER_LOCALIZABILITY_NONLOCALIZED = YES;
				CLANG_ANALYZER_NONNULL = YES;
				CLANG_ANALYZER_NUMBER_OBJECT_CONVERSION = YES_AGGRESSIVE;
				CLANG_CXX_LANGUAGE_STANDARD = "gnu++17";
				CLANG_ENABLE_MODULES = YES;
				CLANG_ENABLE_OBJC_ARC = YES;
				CLANG_ENABLE_OBJC_WEAK = YES;
				CLANG_WARN_BLOCK_CAPTURE_AUTORELEASING = YES;
				CLANG_WARN_BOOL_CONVERSION = YES;
				CLANG_WARN_COMMA = YES;
				CLANG_WARN_CONSTANT_CONVERSION = YES;
				CLANG_WARN_DEPRECATED_OBJC_IMPLEMENTATIONS = YES;
				CLANG_WARN_DIRECT_OBJC_ISA_USAGE = YES_ERROR;
				CLANG_WARN_DOCUMENTATION_COMMENTS = YES;
				CLANG_WARN_EMPTY_BODY = YES;
				CLANG_WARN_ENUM_CONVERSION = YES;
				CLANG_WARN_INFINITE_RECURSION = YES;
				CLANG_WARN_INT_CONVERSION = YES;
				CLANG_WARN_NON_LITERAL_NULL_CONVERSION = YES;
				CLANG_WARN_OBJC_IMPLICIT_RETAIN_SELF = YES;
				CLANG_WARN_OBJC_LITERAL_CONVERSION = YES;
				CLANG_WARN_OBJC_ROOT_CLASS = YES_ERROR;
				CLANG_WARN_QUOTED_INCLUDE_IN_FRAMEWORK_HEADER = YES;
				CLANG_WARN_RANGE_LOOP_ANALYSIS = YES;
				CLANG_WARN_STRICT_PROTOTYPES = YES;
				CLANG_WARN_SUSPICIOUS_MOVE = YES;
				CLANG_WARN_UNGUARDED_AVAILABILITY = YES_AGGRESSIVE;
				CLANG_WARN_UNREACHABLE_CODE = YES;
				CLANG_WARN__DUPLICATE_METHOD_MATCH = YES;
				CODE_SIGN_IDENTITY = "Apple Development";
				COPY_PHASE_STRIP = NO;
				DEBUG_INFORMATION_FORMAT = "dwarf-with-dsym";
				ENABLE_NS_ASSERTIONS = NO;
				ENABLE_STRICT_OBJC_MSGSEND = YES;
				GCC_C_LANGUAGE_STANDARD = gnu11;
				GCC_NO_COMMON_BLOCKS = YES;
				GCC_WARN_64_TO_32_BIT_CONVERSION = YES;
				GCC_WARN_ABOUT_RETURN_TYPE = YES_ERROR;
				GCC_WARN_UNDECLARED_SELECTOR = YES;
				GCC_WARN_UNINITIALIZED_AUTOS = YES_AGGRESSIVE;
				GCC_WARN_UNUSED_FUNCTION = YES;
				GCC_WARN_UNUSED_VARIABLE = YES;
				IPHONEOS_DEPLOYMENT_TARGET = 14.0;
				MTL_ENABLE_DEBUG_INFO = NO;
				MTL_FAST_MATH = YES;
				SDKROOT = iphoneos;
				SWIFT_COMPILATION_MODE = wholemodule;
				SWIFT_OPTIMIZATION_LEVEL = "-O";
				VALIDATE_PRODUCT = YES;
			};
			name = Release;
		};
		2BD1D81C28B626FF006A3848 /* Debug */ = {
			isa = XCBuildConfiguration;
			buildSettings = {
				ASSETCATALOG_COMPILER_APPICON_NAME = AppIcon;
				ASSETCATALOG_COMPILER_GLOBAL_ACCENT_COLOR_NAME = AccentColor;
				CODE_SIGN_ENTITLEMENTS = SunsetWorkout/SunsetWorkout.entitlements;
				CODE_SIGN_STYLE = Automatic;
				CURRENT_PROJECT_VERSION = 1;
				DEVELOPMENT_ASSET_PATHS = "\"SunsetWorkout/Preview Content\"";
				DEVELOPMENT_TEAM = 6268FDJSTY;
				ENABLE_PREVIEWS = YES;
				ENABLE_TESTABILITY = YES;
				GENERATE_INFOPLIST_FILE = YES;
				INFOPLIST_FILE = SunsetWorkout/Info.plist;
				INFOPLIST_KEY_CFBundleDisplayName = "Sunset Workout";
				INFOPLIST_KEY_LSApplicationCategoryType = "public.app-category.healthcare-fitness";
				INFOPLIST_KEY_NSHealthClinicalHealthRecordsShareUsageDescription = "Synchronize your workouts to the Apple's Health app";
				INFOPLIST_KEY_NSHealthShareUsageDescription = "Your workout data will be used to show histories";
				INFOPLIST_KEY_NSHealthUpdateUsageDescription = "Your health records will be used to make workouts sessions follow.";
				INFOPLIST_KEY_UIApplicationSceneManifest_Generation = YES;
				INFOPLIST_KEY_UIApplicationSupportsIndirectInputEvents = YES;
				INFOPLIST_KEY_UILaunchScreen_Generation = YES;
				INFOPLIST_KEY_UILaunchStoryboardName = "Launch Screen.storyboard";
				INFOPLIST_KEY_UISupportedInterfaceOrientations = UIInterfaceOrientationPortrait;
				INFOPLIST_KEY_UISupportedInterfaceOrientations_iPad = "UIInterfaceOrientationLandscapeLeft UIInterfaceOrientationLandscapeRight UIInterfaceOrientationPortrait UIInterfaceOrientationPortraitUpsideDown";
				IPHONEOS_DEPLOYMENT_TARGET = 14.0;
				LD_RUNPATH_SEARCH_PATHS = (
					"$(inherited)",
					"@executable_path/Frameworks",
				);
				MARKETING_VERSION = 1.0;
				PRODUCT_BUNDLE_IDENTIFIER = com.poggero.SunsetWorkout;
				PRODUCT_NAME = "$(TARGET_NAME)";
				SUPPORTED_PLATFORMS = "iphoneos iphonesimulator";
				SUPPORTS_MACCATALYST = NO;
				SUPPORTS_MAC_DESIGNED_FOR_IPHONE_IPAD = NO;
				SWIFT_EMIT_LOC_STRINGS = YES;
				SWIFT_VERSION = 5.0;
				TARGETED_DEVICE_FAMILY = 1;
			};
			name = Debug;
		};
		2BD1D81D28B626FF006A3848 /* Release */ = {
			isa = XCBuildConfiguration;
			buildSettings = {
				ASSETCATALOG_COMPILER_APPICON_NAME = AppIcon;
				ASSETCATALOG_COMPILER_GLOBAL_ACCENT_COLOR_NAME = AccentColor;
				CODE_SIGN_ENTITLEMENTS = SunsetWorkout/SunsetWorkout.entitlements;
				CODE_SIGN_STYLE = Automatic;
				CURRENT_PROJECT_VERSION = 1;
				DEVELOPMENT_ASSET_PATHS = "\"SunsetWorkout/Preview Content\"";
				DEVELOPMENT_TEAM = 6268FDJSTY;
				ENABLE_PREVIEWS = YES;
				ENABLE_TESTABILITY = NO;
				GENERATE_INFOPLIST_FILE = YES;
				INFOPLIST_FILE = SunsetWorkout/Info.plist;
				INFOPLIST_KEY_CFBundleDisplayName = "Sunset Workout";
				INFOPLIST_KEY_LSApplicationCategoryType = "public.app-category.healthcare-fitness";
				INFOPLIST_KEY_NSHealthClinicalHealthRecordsShareUsageDescription = "Synchronize your workouts to the Apple's Health app";
				INFOPLIST_KEY_NSHealthShareUsageDescription = "Your workout data will be used to show histories";
				INFOPLIST_KEY_NSHealthUpdateUsageDescription = "Your health records will be used to make workouts sessions follow.";
				INFOPLIST_KEY_UIApplicationSceneManifest_Generation = YES;
				INFOPLIST_KEY_UIApplicationSupportsIndirectInputEvents = YES;
				INFOPLIST_KEY_UILaunchScreen_Generation = YES;
				INFOPLIST_KEY_UILaunchStoryboardName = "Launch Screen.storyboard";
				INFOPLIST_KEY_UISupportedInterfaceOrientations = UIInterfaceOrientationPortrait;
				INFOPLIST_KEY_UISupportedInterfaceOrientations_iPad = "UIInterfaceOrientationLandscapeLeft UIInterfaceOrientationLandscapeRight UIInterfaceOrientationPortrait UIInterfaceOrientationPortraitUpsideDown";
				IPHONEOS_DEPLOYMENT_TARGET = 14.0;
				LD_RUNPATH_SEARCH_PATHS = (
					"$(inherited)",
					"@executable_path/Frameworks",
				);
				MARKETING_VERSION = 1.0;
				PRODUCT_BUNDLE_IDENTIFIER = com.poggero.SunsetWorkout;
				PRODUCT_NAME = "$(TARGET_NAME)";
				SUPPORTED_PLATFORMS = "iphoneos iphonesimulator";
				SUPPORTS_MACCATALYST = NO;
				SUPPORTS_MAC_DESIGNED_FOR_IPHONE_IPAD = NO;
				SWIFT_EMIT_LOC_STRINGS = YES;
				SWIFT_VERSION = 5.0;
				TARGETED_DEVICE_FAMILY = 1;
			};
			name = Release;
		};
		2BD1D81F28B626FF006A3848 /* Debug */ = {
			isa = XCBuildConfiguration;
			buildSettings = {
				ALWAYS_EMBED_SWIFT_STANDARD_LIBRARIES = YES;
				BUNDLE_LOADER = "$(TEST_HOST)";
				CODE_SIGN_STYLE = Automatic;
				CURRENT_PROJECT_VERSION = 1;
				DEVELOPMENT_TEAM = 6268FDJSTY;
				GENERATE_INFOPLIST_FILE = YES;
				IPHONEOS_DEPLOYMENT_TARGET = 14.0;
				MARKETING_VERSION = 1.0;
				PRODUCT_BUNDLE_IDENTIFIER = com.poggero.SunsetWorkoutTests;
				PRODUCT_NAME = "$(TARGET_NAME)";
				SUPPORTED_PLATFORMS = "iphoneos iphonesimulator";
				SUPPORTS_MACCATALYST = NO;
				SUPPORTS_MAC_DESIGNED_FOR_IPHONE_IPAD = NO;
				SWIFT_EMIT_LOC_STRINGS = NO;
				SWIFT_VERSION = 5.0;
				TARGETED_DEVICE_FAMILY = 1;
				TEST_HOST = "$(BUILT_PRODUCTS_DIR)/SunsetWorkout.app/SunsetWorkout";
			};
			name = Debug;
		};
		2BD1D82028B626FF006A3848 /* Release */ = {
			isa = XCBuildConfiguration;
			buildSettings = {
				ALWAYS_EMBED_SWIFT_STANDARD_LIBRARIES = YES;
				BUNDLE_LOADER = "$(TEST_HOST)";
				CODE_SIGN_STYLE = Automatic;
				CURRENT_PROJECT_VERSION = 1;
				DEVELOPMENT_TEAM = 6268FDJSTY;
				GENERATE_INFOPLIST_FILE = YES;
				IPHONEOS_DEPLOYMENT_TARGET = 14.0;
				MARKETING_VERSION = 1.0;
				PRODUCT_BUNDLE_IDENTIFIER = com.poggero.SunsetWorkoutTests;
				PRODUCT_NAME = "$(TARGET_NAME)";
				SUPPORTED_PLATFORMS = "iphoneos iphonesimulator";
				SUPPORTS_MACCATALYST = NO;
				SUPPORTS_MAC_DESIGNED_FOR_IPHONE_IPAD = NO;
				SWIFT_EMIT_LOC_STRINGS = NO;
				SWIFT_VERSION = 5.0;
				TARGETED_DEVICE_FAMILY = 1;
				TEST_HOST = "$(BUILT_PRODUCTS_DIR)/SunsetWorkout.app/SunsetWorkout";
			};
			name = Release;
		};
/* End XCBuildConfiguration section */

/* Begin XCConfigurationList section */
		2BD1D7F228B626FE006A3848 /* Build configuration list for PBXProject "SunsetWorkout" */ = {
			isa = XCConfigurationList;
			buildConfigurations = (
				2BD1D81928B626FF006A3848 /* Debug */,
				2B80A37D2901FC2A008C541F /* Testing */,
				2BD1D81A28B626FF006A3848 /* Release */,
			);
			defaultConfigurationIsVisible = 0;
			defaultConfigurationName = Release;
		};
		2BD1D81B28B626FF006A3848 /* Build configuration list for PBXNativeTarget "SunsetWorkout" */ = {
			isa = XCConfigurationList;
			buildConfigurations = (
				2BD1D81C28B626FF006A3848 /* Debug */,
				2B80A37E2901FC2A008C541F /* Testing */,
				2BD1D81D28B626FF006A3848 /* Release */,
			);
			defaultConfigurationIsVisible = 0;
			defaultConfigurationName = Release;
		};
		2BD1D81E28B626FF006A3848 /* Build configuration list for PBXNativeTarget "SunsetWorkoutTests" */ = {
			isa = XCConfigurationList;
			buildConfigurations = (
				2BD1D81F28B626FF006A3848 /* Debug */,
				2B80A37F2901FC2A008C541F /* Testing */,
				2BD1D82028B626FF006A3848 /* Release */,
			);
			defaultConfigurationIsVisible = 0;
			defaultConfigurationName = Release;
		};
/* End XCConfigurationList section */

/* Begin XCRemoteSwiftPackageReference section */
		2B64BA2428D5BD4700E95514 /* XCRemoteSwiftPackageReference "firebase-ios-sdk" */ = {
			isa = XCRemoteSwiftPackageReference;
			repositoryURL = "https://github.com/firebase/firebase-ios-sdk.git";
			requirement = {
				kind = upToNextMajorVersion;
				minimumVersion = 9.0.0;
			};
		};
		2B7FDFEA28E7F640009FFAF5 /* XCRemoteSwiftPackageReference "realm-swift" */ = {
			isa = XCRemoteSwiftPackageReference;
			repositoryURL = "https://github.com/realm/realm-swift";
			requirement = {
				kind = upToNextMajorVersion;
				minimumVersion = 10.31.0;
			};
		};
/* End XCRemoteSwiftPackageReference section */

/* Begin XCSwiftPackageProductDependency section */
		2B64BA2528D5BD4700E95514 /* FirebaseAnalytics */ = {
			isa = XCSwiftPackageProductDependency;
			package = 2B64BA2428D5BD4700E95514 /* XCRemoteSwiftPackageReference "firebase-ios-sdk" */;
			productName = FirebaseAnalytics;
		};
		2B64BA2728D5BD4700E95514 /* FirebaseCrashlytics */ = {
			isa = XCSwiftPackageProductDependency;
			package = 2B64BA2428D5BD4700E95514 /* XCRemoteSwiftPackageReference "firebase-ios-sdk" */;
			productName = FirebaseCrashlytics;
		};
		2B64BA2928D5BD4700E95514 /* FirebasePerformance */ = {
			isa = XCSwiftPackageProductDependency;
			package = 2B64BA2428D5BD4700E95514 /* XCRemoteSwiftPackageReference "firebase-ios-sdk" */;
			productName = FirebasePerformance;
		};
		2B7FDFEB28E7F640009FFAF5 /* Realm */ = {
			isa = XCSwiftPackageProductDependency;
			package = 2B7FDFEA28E7F640009FFAF5 /* XCRemoteSwiftPackageReference "realm-swift" */;
			productName = Realm;
		};
		2B7FDFED28E7F640009FFAF5 /* RealmSwift */ = {
			isa = XCSwiftPackageProductDependency;
			package = 2B7FDFEA28E7F640009FFAF5 /* XCRemoteSwiftPackageReference "realm-swift" */;
			productName = RealmSwift;
		};
/* End XCSwiftPackageProductDependency section */
	};
	rootObject = 2BD1D7EF28B626FE006A3848 /* Project object */;
}
